Microsoft Visual Studio Solution File, Format Version 7.00
Project("{8BC9CEB8-8B4A-11D0-8D11-00A0C91BC942}") = "HW4", "HW4.vcproj", "{A7D665E8-6F9F-4839-9562-F13641E1FB73}"
EndProject
Global
	GlobalSection(SolutionConfiguration) = preSolution
		ConfigName.0 = Debug
		ConfigName.1 = Release
	EndGlobalSection
	GlobalSection(ProjectDependencies) = postSolution
	EndGlobalSection
	GlobalSection(ProjectConfiguration) = postSolution
		{A7D665E8-6F9F-4839-9562-F13641E1FB73}.Debug.ActiveCfg = Debug|Win32
		{A7D665E8-6F9F-4839-9562-F13641E1FB73}.Debug.Build.0 = Debug|Win32
		{A7D665E8-6F9F-4839-9562-F13641E1FB73}.Release.ActiveCfg = Release|Win32
		{A7D665E8-6F9F-4839-9562-F13641E1FB73}.Release.Build.0 = Release|Win32
	EndGlobalSection
	GlobalSection(ExtensibilityGlobals) = postSolution
	EndGlobalSection
	GlobalSection(ExtensibilityAddIns) = postSolution
	EndGlobalSection
EndGlobal
