Microsoft Visual Studio Solution File, Format Version 8.00
Project("{8BC9CEB8-8B4A-11D0-8D11-00A0C91BC942}") = "Lab_3", "Lab_3.vcproj", "{EC38C962-82AA-4089-809C-70AEDEACCD92}"
	ProjectSection(ProjectDependencies) = postProject
	EndProjectSection
EndProject
Global
	GlobalSection(SolutionConfiguration) = preSolution
		Debug = Debug
		Release = Release
	EndGlobalSection
	GlobalSection(ProjectConfiguration) = postSolution
		{EC38C962-82AA-4089-809C-70AEDEACCD92}.Debug.ActiveCfg = Debug|Win32
		{EC38C962-82AA-4089-809C-70AEDEACCD92}.Debug.Build.0 = Debug|Win32
		{EC38C962-82AA-4089-809C-70AEDEACCD92}.Release.ActiveCfg = Release|Win32
		{EC38C962-82AA-4089-809C-70AEDEACCD92}.Release.Build.0 = Release|Win32
	EndGlobalSection
	GlobalSection(ExtensibilityGlobals) = postSolution
	EndGlobalSection
	GlobalSection(ExtensibilityAddIns) = postSolution
	EndGlobalSection
EndGlobal
