Microsoft Visual Studio Solution File, Format Version 8.00
Project("{8BC9CEB8-8B4A-11D0-8D11-00A0C91BC942}") = "lab7", "lab7.vcproj", "{A386B815-98E5-4519-A9B6-A70CAF99344E}"
	ProjectSection(ProjectDependencies) = postProject
	EndProjectSection
EndProject
Global
	GlobalSection(SolutionConfiguration) = preSolution
		Debug = Debug
		Release = Release
	EndGlobalSection
	GlobalSection(ProjectConfiguration) = postSolution
		{A386B815-98E5-4519-A9B6-A70CAF99344E}.Debug.ActiveCfg = Debug|Win32
		{A386B815-98E5-4519-A9B6-A70CAF99344E}.Debug.Build.0 = Debug|Win32
		{A386B815-98E5-4519-A9B6-A70CAF99344E}.Release.ActiveCfg = Release|Win32
		{A386B815-98E5-4519-A9B6-A70CAF99344E}.Release.Build.0 = Release|Win32
	EndGlobalSection
	GlobalSection(ExtensibilityGlobals) = postSolution
	EndGlobalSection
	GlobalSection(ExtensibilityAddIns) = postSolution
	EndGlobalSection
EndGlobal
