Microsoft Visual Studio Solution File, Format Version 8.00
Project("{8BC9CEB8-8B4A-11D0-8D11-00A0C91BC942}") = "lab6", "lab6.vcproj", "{4AA11E4F-0FC9-4260-B071-5BDFE1ED03DD}"
	ProjectSection(ProjectDependencies) = postProject
	EndProjectSection
EndProject
Global
	GlobalSection(SolutionConfiguration) = preSolution
		Debug = Debug
		Release = Release
	EndGlobalSection
	GlobalSection(ProjectConfiguration) = postSolution
		{4AA11E4F-0FC9-4260-B071-5BDFE1ED03DD}.Debug.ActiveCfg = Debug|Win32
		{4AA11E4F-0FC9-4260-B071-5BDFE1ED03DD}.Debug.Build.0 = Debug|Win32
		{4AA11E4F-0FC9-4260-B071-5BDFE1ED03DD}.Release.ActiveCfg = Release|Win32
		{4AA11E4F-0FC9-4260-B071-5BDFE1ED03DD}.Release.Build.0 = Release|Win32
	EndGlobalSection
	GlobalSection(ExtensibilityGlobals) = postSolution
	EndGlobalSection
	GlobalSection(ExtensibilityAddIns) = postSolution
	EndGlobalSection
EndGlobal
