Microsoft Visual Studio Solution File, Format Version 7.00
Project("{8BC9CEB8-8B4A-11D0-8D11-00A0C91BC942}") = "Calorie Intake Monitor", "Calorie Intake Monitor.vcproj", "{5E63576E-5264-470D-A9A2-749C57B9F7CE}"
EndProject
Global
	GlobalSection(SolutionConfiguration) = preSolution
		ConfigName.0 = Debug
		ConfigName.1 = Release
	EndGlobalSection
	GlobalSection(ProjectDependencies) = postSolution
	EndGlobalSection
	GlobalSection(ProjectConfiguration) = postSolution
		{5E63576E-5264-470D-A9A2-749C57B9F7CE}.Debug.ActiveCfg = Debug|Win32
		{5E63576E-5264-470D-A9A2-749C57B9F7CE}.Debug.Build.0 = Debug|Win32
		{5E63576E-5264-470D-A9A2-749C57B9F7CE}.Release.ActiveCfg = Release|Win32
		{5E63576E-5264-470D-A9A2-749C57B9F7CE}.Release.Build.0 = Release|Win32
	EndGlobalSection
	GlobalSection(ExtensibilityGlobals) = postSolution
	EndGlobalSection
	GlobalSection(ExtensibilityAddIns) = postSolution
	EndGlobalSection
EndGlobal
